
Microsoft Visual Studio Solution File, Format Version 12.00
# Visual Studio Version 17
VisualStudioVersion = 17.11.35327.3
MinimumVisualStudioVersion = 10.0.40219.1
Project("{8BC9CEB8-8B4A-11D0-8D11-00A0C91BC942}") = "2Dgameprogramming_final_pirat_battle", "2Dgameprogramming_final_pirat_battle.vcxproj", "{33FFE45E-9515-4DE2-A22B-889AFC2B6E8A}"
EndProject
Global
	GlobalSection(SolutionConfigurationPlatforms) = preSolution
		Debug|x64 = Debug|x64
		Debug|x86 = Debug|x86
		Release|x64 = Release|x64
		Release|x86 = Release|x86
	EndGlobalSection
	GlobalSection(ProjectConfigurationPlatforms) = postSolution
		{33FFE45E-9515-4DE2-A22B-889AFC2B6E8A}.Debug|x64.ActiveCfg = Debug|x64
		{33FFE45E-9515-4DE2-A22B-889AFC2B6E8A}.Debug|x64.Build.0 = Debug|x64
		{33FFE45E-9515-4DE2-A22B-889AFC2B6E8A}.Debug|x86.ActiveCfg = Debug|Win32
		{33FFE45E-9515-4DE2-A22B-889AFC2B6E8A}.Debug|x86.Build.0 = Debug|Win32
		{33FFE45E-9515-4DE2-A22B-889AFC2B6E8A}.Release|x64.ActiveCfg = Release|x64
		{33FFE45E-9515-4DE2-A22B-889AFC2B6E8A}.Release|x64.Build.0 = Release|x64
		{33FFE45E-9515-4DE2-A22B-889AFC2B6E8A}.Release|x86.ActiveCfg = Release|Win32
		{33FFE45E-9515-4DE2-A22B-889AFC2B6E8A}.Release|x86.Build.0 = Release|Win32
	EndGlobalSection
	GlobalSection(SolutionProperties) = preSolution
		HideSolutionNode = FALSE
	EndGlobalSection
	GlobalSection(ExtensibilityGlobals) = postSolution
		SolutionGuid = {AE762A05-6BA3-4E55-83FD-DF309942708E}
	EndGlobalSection
EndGlobal
